
Microsoft Visual Studio Solution File, Format Version 12.00
# Visual Studio Version 16
VisualStudioVersion = 16.0.31702.278
MinimumVisualStudioVersion = 10.0.40219.1
Project("{FAE04EC0-301F-11D3-BF4B-00C04F79EFBC}") = "MoviesDB", "MoviesDB\MoviesDB.csproj", "{3BD4517D-7B7C-40C6-8010-EC50D86AA785}"
EndProject
Global
	GlobalSection(SolutionConfigurationPlatforms) = preSolution
		Debug|Any CPU = Debug|Any CPU
		Release|Any CPU = Release|Any CPU
	EndGlobalSection
	GlobalSection(ProjectConfigurationPlatforms) = postSolution
		{3BD4517D-7B7C-40C6-8010-EC50D86AA785}.Debug|Any CPU.ActiveCfg = Debug|Any CPU
		{3BD4517D-7B7C-40C6-8010-EC50D86AA785}.Debug|Any CPU.Build.0 = Debug|Any CPU
		{3BD4517D-7B7C-40C6-8010-EC50D86AA785}.Release|Any CPU.ActiveCfg = Release|Any CPU
		{3BD4517D-7B7C-40C6-8010-EC50D86AA785}.Release|Any CPU.Build.0 = Release|Any CPU
	EndGlobalSection
	GlobalSection(SolutionProperties) = preSolution
		HideSolutionNode = FALSE
	EndGlobalSection
	GlobalSection(ExtensibilityGlobals) = postSolution
		SolutionGuid = {7EE28760-F6F7-4B34-8C5C-3D4BD7958176}
	EndGlobalSection
EndGlobal
